wiremock
 wiremock-docker
 wiremock-webhooks-extension
 python-wiremock
 wiremock-cloud-demo-app
 robotframework-wiremock
 wiremock-resilience-examples
 wiremock-performance-tests
 wiremock-npm
 helm-charts
 kotlin-wiremock
 go-wiremock
 wiremock.org
 wiremock-studio-kubernetes-example
 docs.wiremock.io-website
 api-template-library
 library.wiremock.org-sources
 .github
 community
 wiremock-graphql-extension
 ecosystem
 wiremock-testcontainers-java
 wiremock-cloud-postman-collections
 grpc-wiremock
 wiremock-templates-demo
 spec
 wiremock-state-extension
 wiremock-testcontainers-go
 com.github.tomakehurst-relocation
 wiremock-http4k
 wiremock-grpc-extension
 wiremock-grpc-demos
 wiremock-extension-template
 wiremock-testcontainers-node
 wiremock-otel-extension
 components-site
 wiremock-faker-extension
 wiremock-payments-demo-app
 gradle-wiremock-extension-plugins
 wiremock-quarkus-devservice-demo

